
Microsoft Visual Studio Solution File, Format Version 12.00
# Visual Studio Version 17
VisualStudioVersion = 17.2.32630.192
MinimumVisualStudioVersion = 10.0.40219.1
Project("{9A19103F-16F7-4668-BE54-9A1E7A4F7556}") = "R5T.T0252", "R5T.T0252\R5T.T0252.csproj", "{9975CFB5-6565-46E6-BDB7-CC4C97EAD37A}"
EndProject
Project("{2150E333-8FDC-42A3-9474-1A3956D46DE8}") = "_Dependencies", "_Dependencies", "{42DE518A-72F0-45E8-9BF0-CCEC7751C93D}"
EndProject
Project("{9A19103F-16F7-4668-BE54-9A1E7A4F7556}") = "R5T.T0132", "..\..\R5T.T0132\source\R5T.T0132\R5T.T0132.csproj", "{40AD0746-5489-450D-881B-3316018E945D}"
EndProject
Project("{9A19103F-16F7-4668-BE54-9A1E7A4F7556}") = "R5T.T0143", "..\..\R5T.T0143\source\R5T.T0143\R5T.T0143.csproj", "{A202175F-4BEE-44B6-B71A-46224B1BC768}"
EndProject
Project("{9A19103F-16F7-4668-BE54-9A1E7A4F7556}") = "R5T.T0142", "..\..\R5T.T0142\source\R5T.T0142\R5T.T0142.csproj", "{1D06A373-56DD-40FA-A95D-9F204ED8AF5A}"
EndProject
Project("{9A19103F-16F7-4668-BE54-9A1E7A4F7556}") = "R5T.T0178", "..\..\R5T.T0178\source\R5T.T0178\R5T.T0178.csproj", "{BEDE7065-A7FF-4FBA-B4E7-0CE0CBA1A671}"
EndProject
Project("{9A19103F-16F7-4668-BE54-9A1E7A4F7556}") = "R5T.T0179", "..\..\R5T.T0179\source\R5T.T0179\R5T.T0179.csproj", "{F06DD95E-1E32-4247-840C-70A72A39852B}"
EndProject
Global
	GlobalSection(NestedProjects) = preSolution
		{40AD0746-5489-450D-881B-3316018E945D} = {42DE518A-72F0-45E8-9BF0-CCEC7751C93D}
		{A202175F-4BEE-44B6-B71A-46224B1BC768} = {42DE518A-72F0-45E8-9BF0-CCEC7751C93D}
		{1D06A373-56DD-40FA-A95D-9F204ED8AF5A} = {42DE518A-72F0-45E8-9BF0-CCEC7751C93D}
		{BEDE7065-A7FF-4FBA-B4E7-0CE0CBA1A671} = {42DE518A-72F0-45E8-9BF0-CCEC7751C93D}
		{F06DD95E-1E32-4247-840C-70A72A39852B} = {42DE518A-72F0-45E8-9BF0-CCEC7751C93D}
	EndGlobalSection
	GlobalSection(SolutionConfigurationPlatforms) = preSolution
		Debug|Any CPU = Debug|Any CPU
		Release|Any CPU = Release|Any CPU
	EndGlobalSection
	GlobalSection(ProjectConfigurationPlatforms) = postSolution
		{9975CFB5-6565-46E6-BDB7-CC4C97EAD37A}.Debug|Any CPU.ActiveCfg = Debug|Any CPU
		{9975CFB5-6565-46E6-BDB7-CC4C97EAD37A}.Debug|Any CPU.Build.0 = Debug|Any CPU
		{9975CFB5-6565-46E6-BDB7-CC4C97EAD37A}.Release|Any CPU.ActiveCfg = Release|Any CPU
		{9975CFB5-6565-46E6-BDB7-CC4C97EAD37A}.Release|Any CPU.Build.0 = Release|Any CPU
		{40AD0746-5489-450D-881B-3316018E945D}.Debug|Any CPU.ActiveCfg = Debug|Any CPU
		{40AD0746-5489-450D-881B-3316018E945D}.Debug|Any CPU.Build.0 = Debug|Any CPU
		{40AD0746-5489-450D-881B-3316018E945D}.Release|Any CPU.ActiveCfg = Release|Any CPU
		{40AD0746-5489-450D-881B-3316018E945D}.Release|Any CPU.Build.0 = Release|Any CPU
		{A202175F-4BEE-44B6-B71A-46224B1BC768}.Debug|Any CPU.ActiveCfg = Debug|Any CPU
		{A202175F-4BEE-44B6-B71A-46224B1BC768}.Debug|Any CPU.Build.0 = Debug|Any CPU
		{A202175F-4BEE-44B6-B71A-46224B1BC768}.Release|Any CPU.ActiveCfg = Release|Any CPU
		{A202175F-4BEE-44B6-B71A-46224B1BC768}.Release|Any CPU.Build.0 = Release|Any CPU
		{1D06A373-56DD-40FA-A95D-9F204ED8AF5A}.Debug|Any CPU.ActiveCfg = Debug|Any CPU
		{1D06A373-56DD-40FA-A95D-9F204ED8AF5A}.Debug|Any CPU.Build.0 = Debug|Any CPU
		{1D06A373-56DD-40FA-A95D-9F204ED8AF5A}.Release|Any CPU.ActiveCfg = Release|Any CPU
		{1D06A373-56DD-40FA-A95D-9F204ED8AF5A}.Release|Any CPU.Build.0 = Release|Any CPU
		{BEDE7065-A7FF-4FBA-B4E7-0CE0CBA1A671}.Debug|Any CPU.ActiveCfg = Debug|Any CPU
		{BEDE7065-A7FF-4FBA-B4E7-0CE0CBA1A671}.Debug|Any CPU.Build.0 = Debug|Any CPU
		{BEDE7065-A7FF-4FBA-B4E7-0CE0CBA1A671}.Release|Any CPU.ActiveCfg = Release|Any CPU
		{BEDE7065-A7FF-4FBA-B4E7-0CE0CBA1A671}.Release|Any CPU.Build.0 = Release|Any CPU
		{F06DD95E-1E32-4247-840C-70A72A39852B}.Debug|Any CPU.ActiveCfg = Debug|Any CPU
		{F06DD95E-1E32-4247-840C-70A72A39852B}.Debug|Any CPU.Build.0 = Debug|Any CPU
		{F06DD95E-1E32-4247-840C-70A72A39852B}.Release|Any CPU.ActiveCfg = Release|Any CPU
		{F06DD95E-1E32-4247-840C-70A72A39852B}.Release|Any CPU.Build.0 = Release|Any CPU
	EndGlobalSection
	GlobalSection(SolutionProperties) = preSolution
		HideSolutionNode = FALSE
	EndGlobalSection
	GlobalSection(ExtensibilityGlobals) = postSolution
		SolutionGuid = {02E1FCDC-BD4D-4353-BB80-472B0E9EFC44}
	EndGlobalSection
EndGlobal
