
Microsoft Visual Studio Solution File, Format Version 12.00
# Visual Studio Version 17
VisualStudioVersion = 17.2.32630.192
MinimumVisualStudioVersion = 10.0.40219.1
Project("{9A19103F-16F7-4668-BE54-9A1E7A4F7556}") = "R5T.T0252.Construction", "R5T.T0252.Construction\R5T.T0252.Construction.csproj", "{3FFF0559-5331-4B23-90C9-50B29FD20095}"
EndProject
Project("{9A19103F-16F7-4668-BE54-9A1E7A4F7556}") = "R5T.T0252", "R5T.T0252\R5T.T0252.csproj", "{23A58442-690A-4CB7-A5FA-4FF84D192B61}"
EndProject
Project("{2150E333-8FDC-42A3-9474-1A3956D46DE8}") = "_Dependencies", "_Dependencies", "{6B32F9CE-D408-43F1-8BC1-CE9CEE29FD53}"
EndProject
Project("{9A19103F-16F7-4668-BE54-9A1E7A4F7556}") = "R5T.T0132", "..\..\R5T.T0132\source\R5T.T0132\R5T.T0132.csproj", "{C9E03E71-7C64-4E7D-BA9E-B2F9D7044626}"
EndProject
Project("{9A19103F-16F7-4668-BE54-9A1E7A4F7556}") = "R5T.T0143", "..\..\R5T.T0143\source\R5T.T0143\R5T.T0143.csproj", "{9211BC46-3419-4F95-9330-1FBD0FACDECF}"
EndProject
Project("{9A19103F-16F7-4668-BE54-9A1E7A4F7556}") = "R5T.T0142", "..\..\R5T.T0142\source\R5T.T0142\R5T.T0142.csproj", "{F6E9573D-B787-46D2-A5D3-64D0EF7E5A38}"
EndProject
Project("{9A19103F-16F7-4668-BE54-9A1E7A4F7556}") = "R5T.T0178", "..\..\R5T.T0178\source\R5T.T0178\R5T.T0178.csproj", "{B0D27B66-214A-469E-B654-8B851E9986B6}"
EndProject
Project("{9A19103F-16F7-4668-BE54-9A1E7A4F7556}") = "R5T.T0179", "..\..\R5T.T0179\source\R5T.T0179\R5T.T0179.csproj", "{AF7D7C8B-2A60-4206-AC9C-09DDB07A3B10}"
EndProject
Global
	GlobalSection(NestedProjects) = preSolution
		{C9E03E71-7C64-4E7D-BA9E-B2F9D7044626} = {6B32F9CE-D408-43F1-8BC1-CE9CEE29FD53}
		{9211BC46-3419-4F95-9330-1FBD0FACDECF} = {6B32F9CE-D408-43F1-8BC1-CE9CEE29FD53}
		{F6E9573D-B787-46D2-A5D3-64D0EF7E5A38} = {6B32F9CE-D408-43F1-8BC1-CE9CEE29FD53}
		{B0D27B66-214A-469E-B654-8B851E9986B6} = {6B32F9CE-D408-43F1-8BC1-CE9CEE29FD53}
		{AF7D7C8B-2A60-4206-AC9C-09DDB07A3B10} = {6B32F9CE-D408-43F1-8BC1-CE9CEE29FD53}
	EndGlobalSection
	GlobalSection(SolutionConfigurationPlatforms) = preSolution
		Debug|Any CPU = Debug|Any CPU
		Release|Any CPU = Release|Any CPU
	EndGlobalSection
	GlobalSection(ProjectConfigurationPlatforms) = postSolution
		{3FFF0559-5331-4B23-90C9-50B29FD20095}.Debug|Any CPU.ActiveCfg = Debug|Any CPU
		{3FFF0559-5331-4B23-90C9-50B29FD20095}.Debug|Any CPU.Build.0 = Debug|Any CPU
		{3FFF0559-5331-4B23-90C9-50B29FD20095}.Release|Any CPU.ActiveCfg = Release|Any CPU
		{3FFF0559-5331-4B23-90C9-50B29FD20095}.Release|Any CPU.Build.0 = Release|Any CPU
		{23A58442-690A-4CB7-A5FA-4FF84D192B61}.Debug|Any CPU.ActiveCfg = Debug|Any CPU
		{23A58442-690A-4CB7-A5FA-4FF84D192B61}.Debug|Any CPU.Build.0 = Debug|Any CPU
		{23A58442-690A-4CB7-A5FA-4FF84D192B61}.Release|Any CPU.ActiveCfg = Release|Any CPU
		{23A58442-690A-4CB7-A5FA-4FF84D192B61}.Release|Any CPU.Build.0 = Release|Any CPU
		{C9E03E71-7C64-4E7D-BA9E-B2F9D7044626}.Debug|Any CPU.ActiveCfg = Debug|Any CPU
		{C9E03E71-7C64-4E7D-BA9E-B2F9D7044626}.Debug|Any CPU.Build.0 = Debug|Any CPU
		{C9E03E71-7C64-4E7D-BA9E-B2F9D7044626}.Release|Any CPU.ActiveCfg = Release|Any CPU
		{C9E03E71-7C64-4E7D-BA9E-B2F9D7044626}.Release|Any CPU.Build.0 = Release|Any CPU
		{9211BC46-3419-4F95-9330-1FBD0FACDECF}.Debug|Any CPU.ActiveCfg = Debug|Any CPU
		{9211BC46-3419-4F95-9330-1FBD0FACDECF}.Debug|Any CPU.Build.0 = Debug|Any CPU
		{9211BC46-3419-4F95-9330-1FBD0FACDECF}.Release|Any CPU.ActiveCfg = Release|Any CPU
		{9211BC46-3419-4F95-9330-1FBD0FACDECF}.Release|Any CPU.Build.0 = Release|Any CPU
		{F6E9573D-B787-46D2-A5D3-64D0EF7E5A38}.Debug|Any CPU.ActiveCfg = Debug|Any CPU
		{F6E9573D-B787-46D2-A5D3-64D0EF7E5A38}.Debug|Any CPU.Build.0 = Debug|Any CPU
		{F6E9573D-B787-46D2-A5D3-64D0EF7E5A38}.Release|Any CPU.ActiveCfg = Release|Any CPU
		{F6E9573D-B787-46D2-A5D3-64D0EF7E5A38}.Release|Any CPU.Build.0 = Release|Any CPU
		{B0D27B66-214A-469E-B654-8B851E9986B6}.Debug|Any CPU.ActiveCfg = Debug|Any CPU
		{B0D27B66-214A-469E-B654-8B851E9986B6}.Debug|Any CPU.Build.0 = Debug|Any CPU
		{B0D27B66-214A-469E-B654-8B851E9986B6}.Release|Any CPU.ActiveCfg = Release|Any CPU
		{B0D27B66-214A-469E-B654-8B851E9986B6}.Release|Any CPU.Build.0 = Release|Any CPU
		{AF7D7C8B-2A60-4206-AC9C-09DDB07A3B10}.Debug|Any CPU.ActiveCfg = Debug|Any CPU
		{AF7D7C8B-2A60-4206-AC9C-09DDB07A3B10}.Debug|Any CPU.Build.0 = Debug|Any CPU
		{AF7D7C8B-2A60-4206-AC9C-09DDB07A3B10}.Release|Any CPU.ActiveCfg = Release|Any CPU
		{AF7D7C8B-2A60-4206-AC9C-09DDB07A3B10}.Release|Any CPU.Build.0 = Release|Any CPU
	EndGlobalSection
	GlobalSection(SolutionProperties) = preSolution
		HideSolutionNode = FALSE
	EndGlobalSection
	GlobalSection(ExtensibilityGlobals) = postSolution
		SolutionGuid = {7EEE7804-091E-4E81-A51C-5653BD953DD8}
	EndGlobalSection
EndGlobal
